
Microsoft Visual Studio Solution File, Format Version 12.00
# Visual Studio Version 17
VisualStudioVersion = 17.14.36301.6 d17.14
MinimumVisualStudioVersion = 10.0.40219.1
Project("{FAE04EC0-301F-11D3-BF4B-00C04F79EFBC}") = "Fluent_Migrator", "Fluent_Migrator.csproj", "{469D0AE4-5724-48F4-9B9C-80DD2CCF9C6C}"
EndProject
Global
	GlobalSection(SolutionConfigurationPlatforms) = preSolution
		Debug|Any CPU = Debug|Any CPU
		Release|Any CPU = Release|Any CPU
	EndGlobalSection
	GlobalSection(ProjectConfigurationPlatforms) = postSolution
		{469D0AE4-5724-48F4-9B9C-80DD2CCF9C6C}.Debug|Any CPU.ActiveCfg = Debug|Any CPU
		{469D0AE4-5724-48F4-9B9C-80DD2CCF9C6C}.Debug|Any CPU.Build.0 = Debug|Any CPU
		{469D0AE4-5724-48F4-9B9C-80DD2CCF9C6C}.Release|Any CPU.ActiveCfg = Release|Any CPU
		{469D0AE4-5724-48F4-9B9C-80DD2CCF9C6C}.Release|Any CPU.Build.0 = Release|Any CPU
	EndGlobalSection
	GlobalSection(SolutionProperties) = preSolution
		HideSolutionNode = FALSE
	EndGlobalSection
	GlobalSection(ExtensibilityGlobals) = postSolution
		SolutionGuid = {39B7DBB2-C4BC-4295-B3D5-E25F23A4EC8C}
	EndGlobalSection
EndGlobal
